Microsoft Visual Studio Solution File, Format Version 11.00
# Visual Studio 2008

Project("{2B1B5D03-A6C6-0E40-CA54-4B3BDB4E9735}") = "SwordSoul", "Assembly-CSharp-vs.csproj", "{E6340DF3-13E4-CE59-CE5B-BA11F79D4DB1}"
EndProject
Project("{2B1B5D03-A6C6-0E40-CA54-4B3BDB4E9735}") = "SwordSoul", "Assembly-CSharp-Editor-vs.csproj", "{DB56FDD1-D03D-1092-3E3C-0CB0D0502AD3}"
EndProject
Global
	GlobalSection(SolutionConfigurationPlatforms) = preSolution
		Debug|Any CPU = Debug|Any CPU
		Release|Any CPU = Release|Any CPU
	EndGlobalSection
	GlobalSection(ProjectConfigurationPlatforms) = postSolution
		{E6340DF3-13E4-CE59-CE5B-BA11F79D4DB1}.Debug|Any CPU.ActiveCfg = Debug|Any CPU
		{E6340DF3-13E4-CE59-CE5B-BA11F79D4DB1}.Debug|Any CPU.Build.0 = Debug|Any CPU
		{E6340DF3-13E4-CE59-CE5B-BA11F79D4DB1}.Release|Any CPU.ActiveCfg = Release|Any CPU
		{E6340DF3-13E4-CE59-CE5B-BA11F79D4DB1}.Release|Any CPU.Build.0 = Release|Any CPU
		{DB56FDD1-D03D-1092-3E3C-0CB0D0502AD3}.Debug|Any CPU.ActiveCfg = Debug|Any CPU
		{DB56FDD1-D03D-1092-3E3C-0CB0D0502AD3}.Debug|Any CPU.Build.0 = Debug|Any CPU
		{DB56FDD1-D03D-1092-3E3C-0CB0D0502AD3}.Release|Any CPU.ActiveCfg = Release|Any CPU
		{DB56FDD1-D03D-1092-3E3C-0CB0D0502AD3}.Release|Any CPU.Build.0 = Release|Any CPU
	EndGlobalSection
	GlobalSection(SolutionProperties) = preSolution
		HideSolutionNode = FALSE
	EndGlobalSection
								GlobalSection(MonoDevelopProperties) = preSolution
		StartupItem = Assembly-CSharp.csproj
		Policies = $0
		$0.TextStylePolicy = $1
		$1.inheritsSet = null
		$1.scope = text/x-csharp
		$0.CSharpFormattingPolicy = $2
		$2.inheritsSet = Mono
		$2.inheritsScope = text/x-csharp
		$2.scope = text/x-csharp
		$0.TextStylePolicy = $3
		$3.FileWidth = 120
		$3.TabWidth = 4
		$3.EolMarker = Unix
		$3.inheritsSet = Mono
		$3.inheritsScope = text/plain
		$3.scope = text/plain
	EndGlobalSection

EndGlobal
